
Microsoft Visual Studio Solution File, Format Version 12.00
# Visual Studio Version 16
VisualStudioVersion = 16.0.31515.178
MinimumVisualStudioVersion = 10.0.40219.1
Project("{FAE04EC0-301F-11D3-BF4B-00C04F79EFBC}") = "BookStore-API", "BookStore-API\BookStore-API.csproj", "{1C38776A-9DD3-4F35-9E51-C3BEA01ACECB}"
EndProject
Global
	GlobalSection(SolutionConfigurationPlatforms) = preSolution
		Debug|Any CPU = Debug|Any CPU
		Release|Any CPU = Release|Any CPU
	EndGlobalSection
	GlobalSection(ProjectConfigurationPlatforms) = postSolution
		{1C38776A-9DD3-4F35-9E51-C3BEA01ACECB}.Debug|Any CPU.ActiveCfg = Debug|Any CPU
		{1C38776A-9DD3-4F35-9E51-C3BEA01ACECB}.Debug|Any CPU.Build.0 = Debug|Any CPU
		{1C38776A-9DD3-4F35-9E51-C3BEA01ACECB}.Release|Any CPU.ActiveCfg = Release|Any CPU
		{1C38776A-9DD3-4F35-9E51-C3BEA01ACECB}.Release|Any CPU.Build.0 = Release|Any CPU
	EndGlobalSection
	GlobalSection(SolutionProperties) = preSolution
		HideSolutionNode = FALSE
	EndGlobalSection
	GlobalSection(ExtensibilityGlobals) = postSolution
		SolutionGuid = {0C16C7DC-2A48-4C82-88EF-7F7301855BA6}
	EndGlobalSection
EndGlobal
